{
  "name": "verifica-ts",
  "version": "0.1.2",
  "lockfileVersion": 1,
  "requires": true,
  "dependencies": {
    "flatted": {
      "version": "2.0.2",
      "resolved": "https://registry.npmjs.org/flatted/-/flatted-2.0.2.tgz",
      "integrity": "sha512-r5wGx7YeOwNWNlCA0wQ86zKyDLMQr+/RB8xy74M4hTphfmjlijTSSXGuH8rnvKZnfT9i+75zmd8jcKdMR4O6jA=="
    },
    "ts-materialise": {
      "version": "0.1.2",
      "resolved": "https://registry.npmjs.org/ts-materialise/-/ts-materialise-0.1.2.tgz",
      "integrity": "sha512-PdWO++r3u5D7q99Hk+c3lWSsWAhbJJBxWVJcHxj97/8GDG9+Z8ufpQtkj5vTtBWo0K+DJcAfhnxYWmw5bJvawA==",
      "requires": {
        "flatted": "^2.0.2"
      }
    },
    "typescript": {
      "version": "3.8.3",
      "resolved": "https://registry.npmjs.org/typescript/-/typescript-3.8.3.tgz",
      "integrity": "sha512-MYlEfn5VrLNsgudQTVJeNaQFUAI7DkhnOjdpAp4T+ku1TfQClewlbSuTVHiA+8skNBgaf02TL/kLOvig4y3G8w==",
      "dev": true
    },
    "verifica": {
      "version": "0.1.6",
      "resolved": "https://registry.npmjs.org/verifica/-/verifica-0.1.6.tgz",
      "integrity": "sha512-m7w7cy/zlGSq82xvBl2GUd8OPf+StXjyieRcUMUWrbNOyroIw1HX85Sv9YDqejM/a9ShELp2NXnU5BldYHJTIg==",
      "dev": true,
      "requires": {
        "verifica-core": "0.1.1",
        "verifica-predicates": "0.1.5"
      }
    },
    "verifica-core": {
      "version": "0.1.1",
      "resolved": "https://registry.npmjs.org/verifica-core/-/verifica-core-0.1.1.tgz",
      "integrity": "sha512-kWoDAjmH+0ZlieYa3PJMRrlQfp4zWEcsexoh8HZ3gJTwfrfpHhIss1C9U+IVqE2ycHW2l3pbS73h22kP3J6KKg==",
      "dev": true
    },
    "verifica-predicates": {
      "version": "0.1.5",
      "resolved": "https://registry.npmjs.org/verifica-predicates/-/verifica-predicates-0.1.5.tgz",
      "integrity": "sha512-oKIgq2ypUBiDHtiRVF+y5w8S/rNc7NJqf3hH2orh0nefmnA6oe0aI7Ilb8eS9scVRBrEVpBbDsTPPFCe4Q4pMQ==",
      "dev": true,
      "requires": {
        "verifica-core": "0.1.1"
      }
    }
  }
}
